
Microsoft Visual Studio Solution File, Format Version 12.00
# Visual Studio Version 17
VisualStudioVersion = 17.8.34330.188
MinimumVisualStudioVersion = 10.0.40219.1
Project("{FAE04EC0-301F-11D3-BF4B-00C04F79EFBC}") = "DestinyRandomiser", "DestinyRandomiser\DestinyRandomiser.csproj", "{21132680-3526-4C15-B3EE-37E232D0F004}"
EndProject
Global
	GlobalSection(SolutionConfigurationPlatforms) = preSolution
		Debug|Any CPU = Debug|Any CPU
		Release|Any CPU = Release|Any CPU
	EndGlobalSection
	GlobalSection(ProjectConfigurationPlatforms) = postSolution
		{21132680-3526-4C15-B3EE-37E232D0F004}.Debug|Any CPU.ActiveCfg = Debug|Any CPU
		{21132680-3526-4C15-B3EE-37E232D0F004}.Debug|Any CPU.Build.0 = Debug|Any CPU
		{21132680-3526-4C15-B3EE-37E232D0F004}.Debug|Any CPU.Deploy.0 = Debug|Any CPU
		{21132680-3526-4C15-B3EE-37E232D0F004}.Release|Any CPU.ActiveCfg = Release|Any CPU
		{21132680-3526-4C15-B3EE-37E232D0F004}.Release|Any CPU.Build.0 = Release|Any CPU
		{21132680-3526-4C15-B3EE-37E232D0F004}.Release|Any CPU.Deploy.0 = Release|Any CPU
	EndGlobalSection
	GlobalSection(SolutionProperties) = preSolution
		HideSolutionNode = FALSE
	EndGlobalSection
	GlobalSection(ExtensibilityGlobals) = postSolution
		SolutionGuid = {578368BD-990C-49B7-8952-BB61D1313F97}
	EndGlobalSection
EndGlobal
